// !$*UTF8*$!
{
	archiveVersion = 1;
	classes = {
	};
	objectVersion = 46;
	objects = {

/* Begin PBXBuildFile section */
		CB58075B194E876200DF387D /* InfoPlist.strings in Resources */ = {isa = PBXBuildFile; fileRef = CB580759194E876200DF387D /* InfoPlist.strings */; };
		CB58075D194E876200DF387D /* main.m in Sources */ = {isa = PBXBuildFile; fileRef = CB58075C194E876200DF387D /* main.m */; };
		CB580761194E876200DF387D /* PMCAppDelegate.m in Sources */ = {isa = PBXBuildFile; fileRef = CB580760194E876200DF387D /* PMCAppDelegate.m */; };
		CB580763194E876200DF387D /* Images.xcassets in Resources */ = {isa = PBXBuildFile; fileRef = CB580762194E876200DF387D /* Images.xcassets */; };
/* End PBXBuildFile section */

/* Begin PBXFileReference section */
		CB58074D194E876200DF387D /* PMC.app */ = {isa = PBXFileReference; explicitFileType = wrapper.application; includeInIndex = 0; path = PMC.app; sourceTree = BUILT_PRODUCTS_DIR; };
		CB580758194E876200DF387D /* PMC-Info.plist */ = {isa = PBXFileReference; lastKnownFileType = text.plist.xml; path = "PMC-Info.plist"; sourceTree = "<group>"; };
		CB58075A194E876200DF387D /* en */ = {isa = PBXFileReference; lastKnownFileType = text.plist.strings; name = en; path = en.lproj/InfoPlist.strings; sourceTree = "<group>"; };
		CB58075C194E876200DF387D /* main.m */ = {isa = PBXFileReference; lastKnownFileType = sourcecode.c.objc; path = main.m; sourceTree = "<group>"; };
		CB58075E194E876200DF387D /* PMC-Prefix.pch */ = {isa = PBXFileReference; lastKnownFileType = sourcecode.c.h; path = "PMC-Prefix.pch"; sourceTree = "<group>"; };
		CB58075F194E876200DF387D /* PMCAppDelegate.h */ = {isa = PBXFileReference; lastKnownFileType = sourcecode.c.h; path = PMCAppDelegate.h; sourceTree = "<group>"; };
		CB580760194E876200DF387D /* PMCAppDelegate.m */ = {isa = PBXFileReference; lastKnownFileType = sourcecode.c.objc; path = PMCAppDelegate.m; sourceTree = "<group>"; };
		CB580762194E876200DF387D /* Images.xcassets */ = {isa = PBXFileReference; lastKnownFileType = folder.assetcatalog; path = Images.xcassets; sourceTree = "<group>"; };
/* End PBXFileReference section */

/* Begin PBXFrameworksBuildPhase section */
		CB58074A194E876200DF387D /* Frameworks */ = {
			isa = PBXFrameworksBuildPhase;
			buildActionMask = 2147483647;
			files = (
			);
			runOnlyForDeploymentPostprocessing = 0;
		};
/* End PBXFrameworksBuildPhase section */

/* Begin PBXGroup section */
		CB580744194E876200DF387D = {
			isa = PBXGroup;
			children = (
				CB580756194E876200DF387D /* PMC */,
				CB58074E194E876200DF387D /* Products */,
			);
			sourceTree = "<group>";
		};
		CB58074E194E876200DF387D /* Products */ = {
			isa = PBXGroup;
			children = (
				CB58074D194E876200DF387D /* PMC.app */,
			);
			name = Products;
			sourceTree = "<group>";
		};
		CB580756194E876200DF387D /* PMC */ = {
			isa = PBXGroup;
			children = (
				CB58075F194E876200DF387D /* PMCAppDelegate.h */,
				CB580760194E876200DF387D /* PMCAppDelegate.m */,
				CB580762194E876200DF387D /* Images.xcassets */,
				CB580757194E876200DF387D /* Supporting Files */,
			);
			path = PMC;
			sourceTree = "<group>";
		};
		CB580757194E876200DF387D /* Supporting Files */ = {
			isa = PBXGroup;
			children = (
				CB580758194E876200DF387D /* PMC-Info.plist */,
				CB580759194E876200DF387D /* InfoPlist.strings */,
				CB58075C194E876200DF387D /* main.m */,
				CB58075E194E876200DF387D /* PMC-Prefix.pch */,
			);
			name = "Supporting Files";
			sourceTree = "<group>";
		};
/* End PBXGroup section */

/* Begin PBXNativeTarget section */
		CB58074C194E876200DF387D /* PMC */ = {
			isa = PBXNativeTarget;
			buildConfigurationList = CB580779194E876200DF387D /* Build configuration list for PBXNativeTarget "PMC" */;
			buildPhases = (
				CB580749194E876200DF387D /* Sources */,
				CB58074A194E876200DF387D /* Frameworks */,
				CB58074B194E876200DF387D /* Resources */,
			);
			buildRules = (
			);
			dependencies = (
			);
			name = PMC;
			productName = PMC;
			productReference = CB58074D194E876200DF387D /* PMC.app */;
			productType = "com.apple.product-type.application";
		};
/* End PBXNativeTarget section */

/* Begin PBXProject section */
		CB580745194E876200DF387D /* Project object */ = {
			isa = PBXProject;
			attributes = {
				CLASSPREFIX = PMC;
				LastUpgradeCheck = 0510;
				ORGANIZATIONNAME = RPGlanguage;
			};
			buildConfigurationList = CB580748194E876200DF387D /* Build configuration list for PBXProject "PMC" */;
			compatibilityVersion = "Xcode 3.2";
			developmentRegion = English;
			hasScannedForEncodings = 0;
			knownRegions = (
				en,
			);
			mainGroup = CB580744194E876200DF387D;
			productRefGroup = CB58074E194E876200DF387D /* Products */;
			projectDirPath = "";
			projectRoot = "";
			targets = (
				CB58074C194E876200DF387D /* PMC */,
			);
		};
/* End PBXProject section */

/* Begin PBXResourcesBuildPhase section */
		CB58074B194E876200DF387D /* Resources */ = {
			isa = PBXResourcesBuildPhase;
			buildActionMask = 2147483647;
			files = (
				CB58075B194E876200DF387D /* InfoPlist.strings in Resources */,
				CB580763194E876200DF387D /* Images.xcassets in Resources */,
			);
			runOnlyForDeploymentPostprocessing = 0;
		};
/* End PBXResourcesBuildPhase section */

/* Begin PBXSourcesBuildPhase section */
		CB580749194E876200DF387D /* Sources */ = {
			isa = PBXSourcesBuildPhase;
			buildActionMask = 2147483647;
			files = (
				CB58075D194E876200DF387D /* main.m in Sources */,
				CB580761194E876200DF387D /* PMCAppDelegate.m in Sources */,
			);
			runOnlyForDeploymentPostprocessing = 0;
		};
/* End PBXSourcesBuildPhase section */

/* Begin PBXVariantGroup section */
		CB580759194E876200DF387D /* InfoPlist.strings */ = {
			isa = PBXVariantGroup;
			children = (
				CB58075A194E876200DF387D /* en */,
			);
			name = InfoPlist.strings;
			sourceTree = "<group>";
		};
/* End PBXVariantGroup section */

/* Begin XCBuildConfiguration section */
		CB580777194E876200DF387D /* Debug */ = {
			isa = XCBuildConfiguration;
			buildSettings = {
				ALWAYS_SEARCH_USER_PATHS = NO;
				CLANG_CXX_LANGUAGE_STANDARD = "gnu++0x";
				CLANG_CXX_LIBRARY = "libc++";
				CLANG_ENABLE_MODULES = YES;
				CLANG_ENABLE_OBJC_ARC = YES;
				CLANG_WARN_BOOL_CONVERSION = YES;
				CLANG_WARN_CONSTANT_CONVERSION = YES;
				CLANG_WARN_DIRECT_OBJC_ISA_USAGE = YES_ERROR;
				CLANG_WARN_EMPTY_BODY = YES;
				CLANG_WARN_ENUM_CONVERSION = YES;
				CLANG_WARN_INT_CONVERSION = YES;
				CLANG_WARN_OBJC_ROOT_CLASS = YES_ERROR;
				CLANG_WARN__DUPLICATE_METHOD_MATCH = YES;
				"CODE_SIGN_IDENTITY[sdk=iphoneos*]" = "iPhone Developer";
				COPY_PHASE_STRIP = NO;
				GCC_C_LANGUAGE_STANDARD = gnu99;
				GCC_DYNAMIC_NO_PIC = NO;
				GCC_OPTIMIZATION_LEVEL = 0;
				GCC_PREPROCESSOR_DEFINITIONS = (
					"DEBUG=1",
					"$(inherited)",
				);
				GCC_SYMBOLS_PRIVATE_EXTERN = NO;
				GCC_WARN_64_TO_32_BIT_CONVERSION = YES;
				GCC_WARN_ABOUT_RETURN_TYPE = YES_ERROR;
				GCC_WARN_UNDECLARED_SELECTOR = YES;
				GCC_WARN_UNINITIALIZED_AUTOS = YES_AGGRESSIVE;
				GCC_WARN_UNUSED_FUNCTION = YES;
				GCC_WARN_UNUSED_VARIABLE = YES;
				IPHONEOS_DEPLOYMENT_TARGET = 7.1;
				ONLY_ACTIVE_ARCH = YES;
				SDKROOT = iphoneos;
				TARGETED_DEVICE_FAMILY = "1,2";
			};
			name = Debug;
		};
		CB580778194E876200DF387D /* Release */ = {
			isa = XCBuildConfiguration;
			buildSettings = {
				ALWAYS_SEARCH_USER_PATHS = NO;
				CLANG_CXX_LANGUAGE_STANDARD = "gnu++0x";
				CLANG_CXX_LIBRARY = "libc++";
				CLANG_ENABLE_MODULES = YES;
				CLANG_ENABLE_OBJC_ARC = YES;
				CLANG_WARN_BOOL_CONVERSION = YES;
				CLANG_WARN_CONSTANT_CONVERSION = YES;
				CLANG_WARN_DIRECT_OBJC_ISA_USAGE = YES_ERROR;
				CLANG_WARN_EMPTY_BODY = YES;
				CLANG_WARN_ENUM_CONVERSION = YES;
				CLANG_WARN_INT_CONVERSION = YES;
				CLANG_WARN_OBJC_ROOT_CLASS = YES_ERROR;
				CLANG_WARN__DUPLICATE_METHOD_MATCH = YES;
				"CODE_SIGN_IDENTITY[sdk=iphoneos*]" = "iPhone Developer";
				COPY_PHASE_STRIP = YES;
				ENABLE_NS_ASSERTIONS = NO;
				GCC_C_LANGUAGE_STANDARD = gnu99;
				GCC_WARN_64_TO_32_BIT_CONVERSION = YES;
				GCC_WARN_ABOUT_RETURN_TYPE = YES_ERROR;
				GCC_WARN_UNDECLARED_SELECTOR = YES;
				GCC_WARN_UNINITIALIZED_AUTOS = YES_AGGRESSIVE;
				GCC_WARN_UNUSED_FUNCTION = YES;
				GCC_WARN_UNUSED_VARIABLE = YES;
				IPHONEOS_DEPLOYMENT_TARGET = 7.1;
				SDKROOT = iphoneos;
				TARGETED_DEVICE_FAMILY = "1,2";
				VALIDATE_PRODUCT = YES;
			};
			name = Release;
		};
		CB58077A194E876200DF387D /* Debug */ = {
			isa = XCBuildConfiguration;
			buildSettings = {
				ASSETCATALOG_COMPILER_APPICON_NAME = AppIcon;
				ASSETCATALOG_COMPILER_LAUNCHIMAGE_NAME = LaunchImage;
				GCC_PRECOMPILE_PREFIX_HEADER = YES;
				GCC_PREFIX_HEADER = "PMC/PMC-Prefix.pch";
				INFOPLIST_FILE = "PMC/PMC-Info.plist";
				PRODUCT_NAME = "$(TARGET_NAME)";
				WRAPPER_EXTENSION = app;
			};
			name = Debug;
		};
		CB58077B194E876200DF387D /* Release */ = {
			isa = XCBuildConfiguration;
			buildSettings = {
				ASSETCATALOG_COMPILER_APPICON_NAME = AppIcon;
				ASSETCATALOG_COMPILER_LAUNCHIMAGE_NAME = LaunchImage;
				GCC_PRECOMPILE_PREFIX_HEADER = YES;
				GCC_PREFIX_HEADER = "PMC/PMC-Prefix.pch";
				INFOPLIST_FILE = "PMC/PMC-Info.plist";
				PRODUCT_NAME = "$(TARGET_NAME)";
				WRAPPER_EXTENSION = app;
			};
			name = Release;
		};
/* End XCBuildConfiguration section */

/* Begin XCConfigurationList section */
		CB580748194E876200DF387D /* Build configuration list for PBXProject "PMC" */ = {
			isa = XCConfigurationList;
			buildConfigurations = (
				CB580777194E876200DF387D /* Debug */,
				CB580778194E876200DF387D /* Release */,
			);
			defaultConfigurationIsVisible = 0;
			defaultConfigurationName = Release;
		};
		CB580779194E876200DF387D /* Build configuration list for PBXNativeTarget "PMC" */ = {
			isa = XCConfigurationList;
			buildConfigurations = (
				CB58077A194E876200DF387D /* Debug */,
				CB58077B194E876200DF387D /* Release */,
			);
			defaultConfigurationIsVisible = 0;
		};
/* End XCConfigurationList section */
	};
	rootObject = CB580745194E876200DF387D /* Project object */;
}
