// !$*UTF8*$!
{
	archiveVersion = 1;
	classes = {
	};
	objectVersion = 46;
	objects = {

/* Begin PBXBuildFile section */
		CB031ABB1AB66B2E00A52927 /* PMCGameTableViewCell.m in Sources */ = {isa = PBXBuildFile; fileRef = CB031AB91AB66B2E00A52927 /* PMCGameTableViewCell.m */; };
		CB031ABC1AB66B2E00A52927 /* PMCGameTableViewCell.xib in Resources */ = {isa = PBXBuildFile; fileRef = CB031ABA1AB66B2E00A52927 /* PMCGameTableViewCell.xib */; };
		CB24721B19FB407200D9FE0D /* PMCFiveStarTableViewCell.m in Sources */ = {isa = PBXBuildFile; fileRef = CB24721919FB407200D9FE0D /* PMCFiveStarTableViewCell.m */; };
		CB24721C19FB407200D9FE0D /* PMCFiveStarTableViewCell.xib in Resources */ = {isa = PBXBuildFile; fileRef = CB24721A19FB407200D9FE0D /* PMCFiveStarTableViewCell.xib */; };
		CB24722019FB407D00D9FE0D /* PMCOneStarTableViewCell.m in Sources */ = {isa = PBXBuildFile; fileRef = CB24721E19FB407D00D9FE0D /* PMCOneStarTableViewCell.m */; };
		CB24722119FB407D00D9FE0D /* PMCOneStarTableViewCell.xib in Resources */ = {isa = PBXBuildFile; fileRef = CB24721F19FB407D00D9FE0D /* PMCOneStarTableViewCell.xib */; };
		CB28F3E51984403300EB184A /* PMCTreeTableViewCell.m in Sources */ = {isa = PBXBuildFile; fileRef = CB28F3E41984403300EB184A /* PMCTreeTableViewCell.m */; };
		CB28F3E71984405200EB184A /* PMCTreeTableViewCell.xib in Resources */ = {isa = PBXBuildFile; fileRef = CB28F3E61984405200EB184A /* PMCTreeTableViewCell.xib */; };
		CB35204519FAC9A100FA8FD2 /* PMCHTTPClient.m in Sources */ = {isa = PBXBuildFile; fileRef = CB35204419FAC9A100FA8FD2 /* PMCHTTPClient.m */; };
		CB40C36A197DCF5000E8077E /* PMCControlsViewController.m in Sources */ = {isa = PBXBuildFile; fileRef = CB40C369197DCF5000E8077E /* PMCControlsViewController.m */; };
		CB40C36D197DD06000E8077E /* PMCQueueViewController.m in Sources */ = {isa = PBXBuildFile; fileRef = CB40C36C197DD06000E8077E /* PMCQueueViewController.m */; };
		CB40C36F197DD7F000E8077E /* PMCControlsViewController.xib in Resources */ = {isa = PBXBuildFile; fileRef = CB40C36E197DD7F000E8077E /* PMCControlsViewController.xib */; };
		CB47835819E8CABD006D8E51 /* PMCSummaryTableViewCell.m in Sources */ = {isa = PBXBuildFile; fileRef = CB47835619E8CABD006D8E51 /* PMCSummaryTableViewCell.m */; };
		CB47835919E8CABD006D8E51 /* PMCSummaryTableViewCell.xib in Resources */ = {isa = PBXBuildFile; fileRef = CB47835719E8CABD006D8E51 /* PMCSummaryTableViewCell.xib */; };
		CB58075B194E876200DF387D /* InfoPlist.strings in Resources */ = {isa = PBXBuildFile; fileRef = CB580759194E876200DF387D /* InfoPlist.strings */; };
		CB58075D194E876200DF387D /* main.m in Sources */ = {isa = PBXBuildFile; fileRef = CB58075C194E876200DF387D /* main.m */; };
		CB580761194E876200DF387D /* PMCAppDelegate.m in Sources */ = {isa = PBXBuildFile; fileRef = CB580760194E876200DF387D /* PMCAppDelegate.m */; };
		CB580763194E876200DF387D /* Images.xcassets in Resources */ = {isa = PBXBuildFile; fileRef = CB580762194E876200DF387D /* Images.xcassets */; };
		CBE7FAD3194E8A1900311B7E /* PMCLibraryViewController.m in Sources */ = {isa = PBXBuildFile; fileRef = CBE7FAD2194E8A1900311B7E /* PMCLibraryViewController.m */; };
		CBE7FAD5194E8B4B00311B7E /* PMCVideoTableViewCell.xib in Resources */ = {isa = PBXBuildFile; fileRef = CBE7FAD4194E8B4B00311B7E /* PMCVideoTableViewCell.xib */; };
		CBE7FAD8194E8D6200311B7E /* PMCVideoTableViewCell.m in Sources */ = {isa = PBXBuildFile; fileRef = CBE7FAD7194E8D6200311B7E /* PMCVideoTableViewCell.m */; };
/* End PBXBuildFile section */

/* Begin PBXFileReference section */
		CB031AB81AB66B2E00A52927 /* PMCGameTableViewCell.h */ = {isa = PBXFileReference; fileEncoding = 4; lastKnownFileType = sourcecode.c.h; path = PMCGameTableViewCell.h; sourceTree = "<group>"; };
		CB031AB91AB66B2E00A52927 /* PMCGameTableViewCell.m */ = {isa = PBXFileReference; fileEncoding = 4; lastKnownFileType = sourcecode.c.objc; path = PMCGameTableViewCell.m; sourceTree = "<group>"; };
		CB031ABA1AB66B2E00A52927 /* PMCGameTableViewCell.xib */ = {isa = PBXFileReference; fileEncoding = 4; lastKnownFileType = file.xib; path = PMCGameTableViewCell.xib; sourceTree = "<group>"; };
		CB24721819FB407200D9FE0D /* PMCFiveStarTableViewCell.h */ = {isa = PBXFileReference; fileEncoding = 4; lastKnownFileType = sourcecode.c.h; path = PMCFiveStarTableViewCell.h; sourceTree = "<group>"; };
		CB24721919FB407200D9FE0D /* PMCFiveStarTableViewCell.m */ = {isa = PBXFileReference; fileEncoding = 4; lastKnownFileType = sourcecode.c.objc; path = PMCFiveStarTableViewCell.m; sourceTree = "<group>"; };
		CB24721A19FB407200D9FE0D /* PMCFiveStarTableViewCell.xib */ = {isa = PBXFileReference; fileEncoding = 4; lastKnownFileType = file.xib; path = PMCFiveStarTableViewCell.xib; sourceTree = "<group>"; };
		CB24721D19FB407D00D9FE0D /* PMCOneStarTableViewCell.h */ = {isa = PBXFileReference; fileEncoding = 4; lastKnownFileType = sourcecode.c.h; path = PMCOneStarTableViewCell.h; sourceTree = "<group>"; };
		CB24721E19FB407D00D9FE0D /* PMCOneStarTableViewCell.m */ = {isa = PBXFileReference; fileEncoding = 4; lastKnownFileType = sourcecode.c.objc; path = PMCOneStarTableViewCell.m; sourceTree = "<group>"; };
		CB24721F19FB407D00D9FE0D /* PMCOneStarTableViewCell.xib */ = {isa = PBXFileReference; fileEncoding = 4; lastKnownFileType = file.xib; path = PMCOneStarTableViewCell.xib; sourceTree = "<group>"; };
		CB28F3E31984403300EB184A /* PMCTreeTableViewCell.h */ = {isa = PBXFileReference; fileEncoding = 4; lastKnownFileType = sourcecode.c.h; path = PMCTreeTableViewCell.h; sourceTree = "<group>"; };
		CB28F3E41984403300EB184A /* PMCTreeTableViewCell.m */ = {isa = PBXFileReference; fileEncoding = 4; lastKnownFileType = sourcecode.c.objc; path = PMCTreeTableViewCell.m; sourceTree = "<group>"; };
		CB28F3E61984405200EB184A /* PMCTreeTableViewCell.xib */ = {isa = PBXFileReference; fileEncoding = 4; lastKnownFileType = file.xib; path = PMCTreeTableViewCell.xib; sourceTree = "<group>"; };
		CB35204319FAC9A100FA8FD2 /* PMCHTTPClient.h */ = {isa = PBXFileReference; fileEncoding = 4; lastKnownFileType = sourcecode.c.h; path = PMCHTTPClient.h; sourceTree = "<group>"; };
		CB35204419FAC9A100FA8FD2 /* PMCHTTPClient.m */ = {isa = PBXFileReference; fileEncoding = 4; lastKnownFileType = sourcecode.c.objc; path = PMCHTTPClient.m; sourceTree = "<group>"; };
		CB40C368197DCF5000E8077E /* PMCControlsViewController.h */ = {isa = PBXFileReference; fileEncoding = 4; lastKnownFileType = sourcecode.c.h; path = PMCControlsViewController.h; sourceTree = "<group>"; };
		CB40C369197DCF5000E8077E /* PMCControlsViewController.m */ = {isa = PBXFileReference; fileEncoding = 4; lastKnownFileType = sourcecode.c.objc; path = PMCControlsViewController.m; sourceTree = "<group>"; };
		CB40C36B197DD06000E8077E /* PMCQueueViewController.h */ = {isa = PBXFileReference; fileEncoding = 4; lastKnownFileType = sourcecode.c.h; path = PMCQueueViewController.h; sourceTree = "<group>"; };
		CB40C36C197DD06000E8077E /* PMCQueueViewController.m */ = {isa = PBXFileReference; fileEncoding = 4; lastKnownFileType = sourcecode.c.objc; path = PMCQueueViewController.m; sourceTree = "<group>"; };
		CB40C36E197DD7F000E8077E /* PMCControlsViewController.xib */ = {isa = PBXFileReference; fileEncoding = 4; lastKnownFileType = file.xib; path = PMCControlsViewController.xib; sourceTree = "<group>"; };
		CB47835519E8CABD006D8E51 /* PMCSummaryTableViewCell.h */ = {isa = PBXFileReference; fileEncoding = 4; lastKnownFileType = sourcecode.c.h; path = PMCSummaryTableViewCell.h; sourceTree = "<group>"; };
		CB47835619E8CABD006D8E51 /* PMCSummaryTableViewCell.m */ = {isa = PBXFileReference; fileEncoding = 4; lastKnownFileType = sourcecode.c.objc; path = PMCSummaryTableViewCell.m; sourceTree = "<group>"; };
		CB47835719E8CABD006D8E51 /* PMCSummaryTableViewCell.xib */ = {isa = PBXFileReference; fileEncoding = 4; lastKnownFileType = file.xib; path = PMCSummaryTableViewCell.xib; sourceTree = "<group>"; };
		CB58074D194E876200DF387D /* PMC.app */ = {isa = PBXFileReference; explicitFileType = wrapper.application; includeInIndex = 0; path = PMC.app; sourceTree = BUILT_PRODUCTS_DIR; };
		CB580758194E876200DF387D /* PMC-Info.plist */ = {isa = PBXFileReference; lastKnownFileType = text.plist.xml; path = "PMC-Info.plist"; sourceTree = "<group>"; };
		CB58075A194E876200DF387D /* en */ = {isa = PBXFileReference; lastKnownFileType = text.plist.strings; name = en; path = en.lproj/InfoPlist.strings; sourceTree = "<group>"; };
		CB58075C194E876200DF387D /* main.m */ = {isa = PBXFileReference; lastKnownFileType = sourcecode.c.objc; path = main.m; sourceTree = "<group>"; };
		CB58075E194E876200DF387D /* PMC-Prefix.pch */ = {isa = PBXFileReference; lastKnownFileType = sourcecode.c.h; path = "PMC-Prefix.pch"; sourceTree = "<group>"; };
		CB58075F194E876200DF387D /* PMCAppDelegate.h */ = {isa = PBXFileReference; lastKnownFileType = sourcecode.c.h; path = PMCAppDelegate.h; sourceTree = "<group>"; };
		CB580760194E876200DF387D /* PMCAppDelegate.m */ = {isa = PBXFileReference; lastKnownFileType = sourcecode.c.objc; path = PMCAppDelegate.m; sourceTree = "<group>"; };
		CB580762194E876200DF387D /* Images.xcassets */ = {isa = PBXFileReference; lastKnownFileType = folder.assetcatalog; path = Images.xcassets; sourceTree = "<group>"; };
		CBE7FAD1194E8A1900311B7E /* PMCLibraryViewController.h */ = {isa = PBXFileReference; fileEncoding = 4; lastKnownFileType = sourcecode.c.h; path = PMCLibraryViewController.h; sourceTree = "<group>"; };
		CBE7FAD2194E8A1900311B7E /* PMCLibraryViewController.m */ = {isa = PBXFileReference; fileEncoding = 4; lastKnownFileType = sourcecode.c.objc; path = PMCLibraryViewController.m; sourceTree = "<group>"; };
		CBE7FAD4194E8B4B00311B7E /* PMCVideoTableViewCell.xib */ = {isa = PBXFileReference; fileEncoding = 4; lastKnownFileType = file.xib; path = PMCVideoTableViewCell.xib; sourceTree = "<group>"; };
		CBE7FAD6194E8D6200311B7E /* PMCVideoTableViewCell.h */ = {isa = PBXFileReference; fileEncoding = 4; lastKnownFileType = sourcecode.c.h; path = PMCVideoTableViewCell.h; sourceTree = "<group>"; };
		CBE7FAD7194E8D6200311B7E /* PMCVideoTableViewCell.m */ = {isa = PBXFileReference; fileEncoding = 4; lastKnownFileType = sourcecode.c.objc; path = PMCVideoTableViewCell.m; sourceTree = "<group>"; };
/* End PBXFileReference section */

/* Begin PBXFrameworksBuildPhase section */
		CB58074A194E876200DF387D /* Frameworks */ = {
			isa = PBXFrameworksBuildPhase;
			buildActionMask = 2147483647;
			files = (
			);
			runOnlyForDeploymentPostprocessing = 0;
		};
/* End PBXFrameworksBuildPhase section */

/* Begin PBXGroup section */
		CB580744194E876200DF387D = {
			isa = PBXGroup;
			children = (
				CB580756194E876200DF387D /* PMC */,
				CB58074E194E876200DF387D /* Products */,
			);
			sourceTree = "<group>";
		};
		CB58074E194E876200DF387D /* Products */ = {
			isa = PBXGroup;
			children = (
				CB58074D194E876200DF387D /* PMC.app */,
			);
			name = Products;
			sourceTree = "<group>";
		};
		CB580756194E876200DF387D /* PMC */ = {
			isa = PBXGroup;
			children = (
				CB58075F194E876200DF387D /* PMCAppDelegate.h */,
				CB580760194E876200DF387D /* PMCAppDelegate.m */,
				CB35204319FAC9A100FA8FD2 /* PMCHTTPClient.h */,
				CB35204419FAC9A100FA8FD2 /* PMCHTTPClient.m */,
				CB40C368197DCF5000E8077E /* PMCControlsViewController.h */,
				CB40C369197DCF5000E8077E /* PMCControlsViewController.m */,
				CB40C36E197DD7F000E8077E /* PMCControlsViewController.xib */,
				CBE7FAD1194E8A1900311B7E /* PMCLibraryViewController.h */,
				CBE7FAD2194E8A1900311B7E /* PMCLibraryViewController.m */,
				CB40C36B197DD06000E8077E /* PMCQueueViewController.h */,
				CB40C36C197DD06000E8077E /* PMCQueueViewController.m */,
				CBE7FAD6194E8D6200311B7E /* PMCVideoTableViewCell.h */,
				CBE7FAD7194E8D6200311B7E /* PMCVideoTableViewCell.m */,
				CBE7FAD4194E8B4B00311B7E /* PMCVideoTableViewCell.xib */,
				CB031AB81AB66B2E00A52927 /* PMCGameTableViewCell.h */,
				CB031AB91AB66B2E00A52927 /* PMCGameTableViewCell.m */,
				CB031ABA1AB66B2E00A52927 /* PMCGameTableViewCell.xib */,
				CB28F3E31984403300EB184A /* PMCTreeTableViewCell.h */,
				CB28F3E41984403300EB184A /* PMCTreeTableViewCell.m */,
				CB28F3E61984405200EB184A /* PMCTreeTableViewCell.xib */,
				CB47835519E8CABD006D8E51 /* PMCSummaryTableViewCell.h */,
				CB47835619E8CABD006D8E51 /* PMCSummaryTableViewCell.m */,
				CB47835719E8CABD006D8E51 /* PMCSummaryTableViewCell.xib */,
				CB24721819FB407200D9FE0D /* PMCFiveStarTableViewCell.h */,
				CB24721919FB407200D9FE0D /* PMCFiveStarTableViewCell.m */,
				CB24721A19FB407200D9FE0D /* PMCFiveStarTableViewCell.xib */,
				CB24721D19FB407D00D9FE0D /* PMCOneStarTableViewCell.h */,
				CB24721E19FB407D00D9FE0D /* PMCOneStarTableViewCell.m */,
				CB24721F19FB407D00D9FE0D /* PMCOneStarTableViewCell.xib */,
				CB580762194E876200DF387D /* Images.xcassets */,
				CB580757194E876200DF387D /* Supporting Files */,
			);
			path = PMC;
			sourceTree = "<group>";
		};
		CB580757194E876200DF387D /* Supporting Files */ = {
			isa = PBXGroup;
			children = (
				CB580758194E876200DF387D /* PMC-Info.plist */,
				CB580759194E876200DF387D /* InfoPlist.strings */,
				CB58075C194E876200DF387D /* main.m */,
				CB58075E194E876200DF387D /* PMC-Prefix.pch */,
			);
			name = "Supporting Files";
			sourceTree = "<group>";
		};
/* End PBXGroup section */

/* Begin PBXNativeTarget section */
		CB58074C194E876200DF387D /* PMC */ = {
			isa = PBXNativeTarget;
			buildConfigurationList = CB580779194E876200DF387D /* Build configuration list for PBXNativeTarget "PMC" */;
			buildPhases = (
				CB580749194E876200DF387D /* Sources */,
				CB58074A194E876200DF387D /* Frameworks */,
				CB58074B194E876200DF387D /* Resources */,
			);
			buildRules = (
			);
			dependencies = (
			);
			name = PMC;
			productName = PMC;
			productReference = CB58074D194E876200DF387D /* PMC.app */;
			productType = "com.apple.product-type.application";
		};
/* End PBXNativeTarget section */

/* Begin PBXProject section */
		CB580745194E876200DF387D /* Project object */ = {
			isa = PBXProject;
			attributes = {
				CLASSPREFIX = PMC;
				LastUpgradeCheck = 0510;
				ORGANIZATIONNAME = RPGlanguage;
				TargetAttributes = {
					CB58074C194E876200DF387D = {
						DevelopmentTeam = MWNU43S3CB;
					};
				};
			};
			buildConfigurationList = CB580748194E876200DF387D /* Build configuration list for PBXProject "PMC" */;
			compatibilityVersion = "Xcode 3.2";
			developmentRegion = English;
			hasScannedForEncodings = 0;
			knownRegions = (
				en,
			);
			mainGroup = CB580744194E876200DF387D;
			productRefGroup = CB58074E194E876200DF387D /* Products */;
			projectDirPath = "";
			projectRoot = "";
			targets = (
				CB58074C194E876200DF387D /* PMC */,
			);
		};
/* End PBXProject section */

/* Begin PBXResourcesBuildPhase section */
		CB58074B194E876200DF387D /* Resources */ = {
			isa = PBXResourcesBuildPhase;
			buildActionMask = 2147483647;
			files = (
				CB58075B194E876200DF387D /* InfoPlist.strings in Resources */,
				CB40C36F197DD7F000E8077E /* PMCControlsViewController.xib in Resources */,
				CB580763194E876200DF387D /* Images.xcassets in Resources */,
				CB47835919E8CABD006D8E51 /* PMCSummaryTableViewCell.xib in Resources */,
				CB24721C19FB407200D9FE0D /* PMCFiveStarTableViewCell.xib in Resources */,
				CB24722119FB407D00D9FE0D /* PMCOneStarTableViewCell.xib in Resources */,
				CB28F3E71984405200EB184A /* PMCTreeTableViewCell.xib in Resources */,
				CB031ABC1AB66B2E00A52927 /* PMCGameTableViewCell.xib in Resources */,
				CBE7FAD5194E8B4B00311B7E /* PMCVideoTableViewCell.xib in Resources */,
			);
			runOnlyForDeploymentPostprocessing = 0;
		};
/* End PBXResourcesBuildPhase section */

/* Begin PBXSourcesBuildPhase section */
		CB580749194E876200DF387D /* Sources */ = {
			isa = PBXSourcesBuildPhase;
			buildActionMask = 2147483647;
			files = (
				CB24722019FB407D00D9FE0D /* PMCOneStarTableViewCell.m in Sources */,
				CBE7FAD8194E8D6200311B7E /* PMCVideoTableViewCell.m in Sources */,
				CB47835819E8CABD006D8E51 /* PMCSummaryTableViewCell.m in Sources */,
				CB031ABB1AB66B2E00A52927 /* PMCGameTableViewCell.m in Sources */,
				CB58075D194E876200DF387D /* main.m in Sources */,
				CB24721B19FB407200D9FE0D /* PMCFiveStarTableViewCell.m in Sources */,
				CB40C36A197DCF5000E8077E /* PMCControlsViewController.m in Sources */,
				CB35204519FAC9A100FA8FD2 /* PMCHTTPClient.m in Sources */,
				CB28F3E51984403300EB184A /* PMCTreeTableViewCell.m in Sources */,
				CB580761194E876200DF387D /* PMCAppDelegate.m in Sources */,
				CBE7FAD3194E8A1900311B7E /* PMCLibraryViewController.m in Sources */,
				CB40C36D197DD06000E8077E /* PMCQueueViewController.m in Sources */,
			);
			runOnlyForDeploymentPostprocessing = 0;
		};
/* End PBXSourcesBuildPhase section */

/* Begin PBXVariantGroup section */
		CB580759194E876200DF387D /* InfoPlist.strings */ = {
			isa = PBXVariantGroup;
			children = (
				CB58075A194E876200DF387D /* en */,
			);
			name = InfoPlist.strings;
			sourceTree = "<group>";
		};
/* End PBXVariantGroup section */

/* Begin XCBuildConfiguration section */
		CB580777194E876200DF387D /* Debug */ = {
			isa = XCBuildConfiguration;
			buildSettings = {
				ALWAYS_SEARCH_USER_PATHS = NO;
				CLANG_CXX_LANGUAGE_STANDARD = "gnu++0x";
				CLANG_CXX_LIBRARY = "libc++";
				CLANG_ENABLE_MODULES = YES;
				CLANG_ENABLE_OBJC_ARC = YES;
				CLANG_WARN_BOOL_CONVERSION = YES;
				CLANG_WARN_CONSTANT_CONVERSION = YES;
				CLANG_WARN_DIRECT_OBJC_ISA_USAGE = YES_ERROR;
				CLANG_WARN_EMPTY_BODY = YES;
				CLANG_WARN_ENUM_CONVERSION = YES;
				CLANG_WARN_INT_CONVERSION = YES;
				CLANG_WARN_OBJC_ROOT_CLASS = YES_ERROR;
				CLANG_WARN__DUPLICATE_METHOD_MATCH = YES;
				"CODE_SIGN_IDENTITY[sdk=iphoneos*]" = "iPhone Developer";
				COPY_PHASE_STRIP = NO;
				GCC_C_LANGUAGE_STANDARD = gnu99;
				GCC_DYNAMIC_NO_PIC = NO;
				GCC_OPTIMIZATION_LEVEL = 0;
				GCC_PREPROCESSOR_DEFINITIONS = (
					"DEBUG=1",
					"$(inherited)",
				);
				GCC_SYMBOLS_PRIVATE_EXTERN = NO;
				GCC_WARN_64_TO_32_BIT_CONVERSION = YES;
				GCC_WARN_ABOUT_RETURN_TYPE = YES_ERROR;
				GCC_WARN_UNDECLARED_SELECTOR = YES;
				GCC_WARN_UNINITIALIZED_AUTOS = YES_AGGRESSIVE;
				GCC_WARN_UNUSED_FUNCTION = YES;
				GCC_WARN_UNUSED_VARIABLE = YES;
				IPHONEOS_DEPLOYMENT_TARGET = 7.1;
				ONLY_ACTIVE_ARCH = YES;
				SDKROOT = iphoneos;
				TARGETED_DEVICE_FAMILY = "1,2";
			};
			name = Debug;
		};
		CB580778194E876200DF387D /* Release */ = {
			isa = XCBuildConfiguration;
			buildSettings = {
				ALWAYS_SEARCH_USER_PATHS = NO;
				CLANG_CXX_LANGUAGE_STANDARD = "gnu++0x";
				CLANG_CXX_LIBRARY = "libc++";
				CLANG_ENABLE_MODULES = YES;
				CLANG_ENABLE_OBJC_ARC = YES;
				CLANG_WARN_BOOL_CONVERSION = YES;
				CLANG_WARN_CONSTANT_CONVERSION = YES;
				CLANG_WARN_DIRECT_OBJC_ISA_USAGE = YES_ERROR;
				CLANG_WARN_EMPTY_BODY = YES;
				CLANG_WARN_ENUM_CONVERSION = YES;
				CLANG_WARN_INT_CONVERSION = YES;
				CLANG_WARN_OBJC_ROOT_CLASS = YES_ERROR;
				CLANG_WARN__DUPLICATE_METHOD_MATCH = YES;
				"CODE_SIGN_IDENTITY[sdk=iphoneos*]" = "iPhone Developer";
				COPY_PHASE_STRIP = YES;
				ENABLE_NS_ASSERTIONS = NO;
				GCC_C_LANGUAGE_STANDARD = gnu99;
				GCC_WARN_64_TO_32_BIT_CONVERSION = YES;
				GCC_WARN_ABOUT_RETURN_TYPE = YES_ERROR;
				GCC_WARN_UNDECLARED_SELECTOR = YES;
				GCC_WARN_UNINITIALIZED_AUTOS = YES_AGGRESSIVE;
				GCC_WARN_UNUSED_FUNCTION = YES;
				GCC_WARN_UNUSED_VARIABLE = YES;
				IPHONEOS_DEPLOYMENT_TARGET = 7.1;
				SDKROOT = iphoneos;
				TARGETED_DEVICE_FAMILY = "1,2";
				VALIDATE_PRODUCT = YES;
			};
			name = Release;
		};
		CB58077A194E876200DF387D /* Debug */ = {
			isa = XCBuildConfiguration;
			buildSettings = {
				ASSETCATALOG_COMPILER_APPICON_NAME = AppIcon;
				ASSETCATALOG_COMPILER_LAUNCHIMAGE_NAME = LaunchImage;
				CODE_SIGN_IDENTITY = "iPhone Developer";
				"CODE_SIGN_IDENTITY[sdk=iphoneos*]" = "iPhone Developer";
				GCC_PRECOMPILE_PREFIX_HEADER = YES;
				GCC_PREFIX_HEADER = "PMC/PMC-Prefix.pch";
				INFOPLIST_FILE = "PMC/PMC-Info.plist";
				IPHONEOS_DEPLOYMENT_TARGET = 8.0;
				PRODUCT_NAME = "$(TARGET_NAME)";
				PROVISIONING_PROFILE = "";
				WRAPPER_EXTENSION = app;
			};
			name = Debug;
		};
		CB58077B194E876200DF387D /* Release */ = {
			isa = XCBuildConfiguration;
			buildSettings = {
				ASSETCATALOG_COMPILER_APPICON_NAME = AppIcon;
				ASSETCATALOG_COMPILER_LAUNCHIMAGE_NAME = LaunchImage;
				CODE_SIGN_IDENTITY = "iPhone Developer";
				"CODE_SIGN_IDENTITY[sdk=iphoneos*]" = "iPhone Developer";
				GCC_PRECOMPILE_PREFIX_HEADER = YES;
				GCC_PREFIX_HEADER = "PMC/PMC-Prefix.pch";
				INFOPLIST_FILE = "PMC/PMC-Info.plist";
				IPHONEOS_DEPLOYMENT_TARGET = 8.0;
				PRODUCT_NAME = "$(TARGET_NAME)";
				PROVISIONING_PROFILE = "";
				WRAPPER_EXTENSION = app;
			};
			name = Release;
		};
/* End XCBuildConfiguration section */

/* Begin XCConfigurationList section */
		CB580748194E876200DF387D /* Build configuration list for PBXProject "PMC" */ = {
			isa = XCConfigurationList;
			buildConfigurations = (
				CB580777194E876200DF387D /* Debug */,
				CB580778194E876200DF387D /* Release */,
			);
			defaultConfigurationIsVisible = 0;
			defaultConfigurationName = Release;
		};
		CB580779194E876200DF387D /* Build configuration list for PBXNativeTarget "PMC" */ = {
			isa = XCConfigurationList;
			buildConfigurations = (
				CB58077A194E876200DF387D /* Debug */,
				CB58077B194E876200DF387D /* Release */,
			);
			defaultConfigurationIsVisible = 0;
			defaultConfigurationName = Release;
		};
/* End XCConfigurationList section */
	};
	rootObject = CB580745194E876200DF387D /* Project object */;
}
